
Microsoft Visual Studio Solution File, Format Version 12.00
# Visual Studio Version 16
VisualStudioVersion = 16.0.29020.237
MinimumVisualStudioVersion = 10.0.40219.1
Project("{FAE04EC0-301F-11D3-BF4B-00C04F79EFBC}") = "ProjetoWebSite", "ProjetoWebSite\ProjetoWebSite.csproj", "{DA013921-0C08-4896-8F0C-2CE169CC1F76}"
EndProject
Project("{FAE04EC0-301F-11D3-BF4B-00C04F79EFBC}") = "Generico.Repositorio", "Generico.Repositorio\Generico.Repositorio.csproj", "{1F6CE78A-5D51-478E-8410-A77F9CEB7480}"
EndProject
Project("{FAE04EC0-301F-11D3-BF4B-00C04F79EFBC}") = "Generico.Dominio", "Generico.Dominio\Generico.Dominio.csproj", "{7A46BE17-E060-4330-A4EE-9CD3BD602434}"
EndProject
Project("{FAE04EC0-301F-11D3-BF4B-00C04F79EFBC}") = "Generico.Aplicacao", "Generico.Aplicacao\Generico.Aplicacao.csproj", "{82D5BB50-725F-41AA-989D-806EDA225A05}"
EndProject
Project("{FAE04EC0-301F-11D3-BF4B-00C04F79EFBC}") = "Generico.Funcoes", "Generico.Funcoes\Generico.Funcoes.csproj", "{CC083928-CF99-44A6-A7DE-2430485975C2}"
EndProject
Global
	GlobalSection(SolutionConfigurationPlatforms) = preSolution
		Debug|Any CPU = Debug|Any CPU
		Release|Any CPU = Release|Any CPU
	EndGlobalSection
	GlobalSection(ProjectConfigurationPlatforms) = postSolution
		{DA013921-0C08-4896-8F0C-2CE169CC1F76}.Debug|Any CPU.ActiveCfg = Debug|Any CPU
		{DA013921-0C08-4896-8F0C-2CE169CC1F76}.Debug|Any CPU.Build.0 = Debug|Any CPU
		{DA013921-0C08-4896-8F0C-2CE169CC1F76}.Release|Any CPU.ActiveCfg = Release|Any CPU
		{DA013921-0C08-4896-8F0C-2CE169CC1F76}.Release|Any CPU.Build.0 = Release|Any CPU
		{1F6CE78A-5D51-478E-8410-A77F9CEB7480}.Debug|Any CPU.ActiveCfg = Debug|Any CPU
		{1F6CE78A-5D51-478E-8410-A77F9CEB7480}.Debug|Any CPU.Build.0 = Debug|Any CPU
		{1F6CE78A-5D51-478E-8410-A77F9CEB7480}.Release|Any CPU.ActiveCfg = Release|Any CPU
		{1F6CE78A-5D51-478E-8410-A77F9CEB7480}.Release|Any CPU.Build.0 = Release|Any CPU
		{7A46BE17-E060-4330-A4EE-9CD3BD602434}.Debug|Any CPU.ActiveCfg = Debug|Any CPU
		{7A46BE17-E060-4330-A4EE-9CD3BD602434}.Debug|Any CPU.Build.0 = Debug|Any CPU
		{7A46BE17-E060-4330-A4EE-9CD3BD602434}.Release|Any CPU.ActiveCfg = Release|Any CPU
		{7A46BE17-E060-4330-A4EE-9CD3BD602434}.Release|Any CPU.Build.0 = Release|Any CPU
		{82D5BB50-725F-41AA-989D-806EDA225A05}.Debug|Any CPU.ActiveCfg = Debug|Any CPU
		{82D5BB50-725F-41AA-989D-806EDA225A05}.Debug|Any CPU.Build.0 = Debug|Any CPU
		{82D5BB50-725F-41AA-989D-806EDA225A05}.Release|Any CPU.ActiveCfg = Release|Any CPU
		{82D5BB50-725F-41AA-989D-806EDA225A05}.Release|Any CPU.Build.0 = Release|Any CPU
		{CC083928-CF99-44A6-A7DE-2430485975C2}.Debug|Any CPU.ActiveCfg = Debug|Any CPU
		{CC083928-CF99-44A6-A7DE-2430485975C2}.Debug|Any CPU.Build.0 = Debug|Any CPU
		{CC083928-CF99-44A6-A7DE-2430485975C2}.Release|Any CPU.ActiveCfg = Release|Any CPU
		{CC083928-CF99-44A6-A7DE-2430485975C2}.Release|Any CPU.Build.0 = Release|Any CPU
	EndGlobalSection
	GlobalSection(SolutionProperties) = preSolution
		HideSolutionNode = FALSE
	EndGlobalSection
	GlobalSection(ExtensibilityGlobals) = postSolution
		SolutionGuid = {3F71FBAC-BC20-4D9B-A60A-2391BDD8E245}
	EndGlobalSection
EndGlobal
